{
  "name": "renovate-config-testing",
  "version": "0.1.0",
  "lockfileVersion": 3,
  "requires": true,
  "packages": {
    "": {
      "name": "renovate-config-testing",
      "version": "0.1.0",
      "license": "MIT",
      "dependencies": {
        "ascii-art": "0.0.2-alpha"
      }
    },
    "node_modules/ascii-art": {
      "version": "0.0.2-alpha",
      "resolved": "https://registry.npmjs.org/ascii-art/-/ascii-art-0.0.2-alpha.tgz",
      "integrity": "sha512-vA8xtmgWf2GQt3rUHjVtfpnHJe2Mon2SXPUDTY6rcwxYQ6KwvsiGn6kHS+ZXObPcTpILaQ5Owk0+AJ6lH/+hDA==",
      "engines": {
        "node": "*"
      }
    }
  }
}
